
Microsoft Visual Studio Solution File, Format Version 12.00
# Visual Studio Version 16
VisualStudioVersion = 16.0.31624.102
MinimumVisualStudioVersion = 10.0.40219.1
Project("{9A19103F-16F7-4668-BE54-9A1E7A4F7556}") = "obSing", "οbSing\obSing.csproj", "{915D6DC4-B30D-42DB-B47D-8380F8EE848A}"
EndProject
Project("{9A19103F-16F7-4668-BE54-9A1E7A4F7556}") = "obSingTests", "obSingTests\obSingTests.csproj", "{74783047-14CD-476A-A756-565B55EEAAEE}"
EndProject
Global
	GlobalSection(SolutionConfigurationPlatforms) = preSolution
		Debug|Any CPU = Debug|Any CPU
		Release|Any CPU = Release|Any CPU
	EndGlobalSection
	GlobalSection(ProjectConfigurationPlatforms) = postSolution
		{915D6DC4-B30D-42DB-B47D-8380F8EE848A}.Debug|Any CPU.ActiveCfg = Debug|Any CPU
		{915D6DC4-B30D-42DB-B47D-8380F8EE848A}.Debug|Any CPU.Build.0 = Debug|Any CPU
		{915D6DC4-B30D-42DB-B47D-8380F8EE848A}.Release|Any CPU.ActiveCfg = Release|Any CPU
		{915D6DC4-B30D-42DB-B47D-8380F8EE848A}.Release|Any CPU.Build.0 = Release|Any CPU
		{74783047-14CD-476A-A756-565B55EEAAEE}.Debug|Any CPU.ActiveCfg = Debug|Any CPU
		{74783047-14CD-476A-A756-565B55EEAAEE}.Debug|Any CPU.Build.0 = Debug|Any CPU
		{74783047-14CD-476A-A756-565B55EEAAEE}.Release|Any CPU.ActiveCfg = Release|Any CPU
		{74783047-14CD-476A-A756-565B55EEAAEE}.Release|Any CPU.Build.0 = Release|Any CPU
	EndGlobalSection
	GlobalSection(SolutionProperties) = preSolution
		HideSolutionNode = FALSE
	EndGlobalSection
	GlobalSection(ExtensibilityGlobals) = postSolution
		SolutionGuid = {39AFA86A-D43C-491F-A391-A090F7A03BEF}
	EndGlobalSection
EndGlobal
